
Microsoft Visual Studio Solution File, Format Version 12.00
# Visual Studio 15
Project("{FAE04EC0-301F-11D3-BF4B-00C04F79EFBC}") = "ArrayExercises", "ArrayExercises\ArrayExercises.csproj", "{34EED4E9-E9CB-4F16-80E3-9C78086F319F}"
EndProject
Global
	GlobalSection(SolutionConfigurationPlatforms) = preSolution
		Debug|Any CPU = Debug|Any CPU
		Release|Any CPU = Release|Any CPU
	EndGlobalSection
	GlobalSection(ProjectConfigurationPlatforms) = postSolution
		{34EED4E9-E9CB-4F16-80E3-9C78086F319F}.Debug|Any CPU.ActiveCfg = Debug|Any CPU
		{34EED4E9-E9CB-4F16-80E3-9C78086F319F}.Debug|Any CPU.Build.0 = Debug|Any CPU
		{34EED4E9-E9CB-4F16-80E3-9C78086F319F}.Release|Any CPU.ActiveCfg = Release|Any CPU
		{34EED4E9-E9CB-4F16-80E3-9C78086F319F}.Release|Any CPU.Build.0 = Release|Any CPU
	EndGlobalSection
EndGlobal
